
Microsoft Visual Studio Solution File, Format Version 12.00
# Visual Studio Version 17
VisualStudioVersion = 17.5.33530.505
MinimumVisualStudioVersion = 10.0.40219.1
Project("{9A19103F-16F7-4668-BE54-9A1E7A4F7556}") = "ElasticTest", "ElasticTest\ElasticTest.csproj", "{9A7B04BB-F4BA-4D7E-BD11-FB58C0CA947E}"
EndProject
Project("{FAE04EC0-301F-11D3-BF4B-00C04F79EFBC}") = "xUnitElasticTest", "xUnitElasticTest\xUnitElasticTest.csproj", "{3DCDD9BC-67B7-4B3C-AE66-EE675D5A1239}"
EndProject
Global
	GlobalSection(SolutionConfigurationPlatforms) = preSolution
		Debug|Any CPU = Debug|Any CPU
		Release|Any CPU = Release|Any CPU
	EndGlobalSection
	GlobalSection(ProjectConfigurationPlatforms) = postSolution
		{9A7B04BB-F4BA-4D7E-BD11-FB58C0CA947E}.Debug|Any CPU.ActiveCfg = Debug|Any CPU
		{9A7B04BB-F4BA-4D7E-BD11-FB58C0CA947E}.Debug|Any CPU.Build.0 = Debug|Any CPU
		{9A7B04BB-F4BA-4D7E-BD11-FB58C0CA947E}.Release|Any CPU.ActiveCfg = Release|Any CPU
		{9A7B04BB-F4BA-4D7E-BD11-FB58C0CA947E}.Release|Any CPU.Build.0 = Release|Any CPU
		{3DCDD9BC-67B7-4B3C-AE66-EE675D5A1239}.Debug|Any CPU.ActiveCfg = Debug|Any CPU
		{3DCDD9BC-67B7-4B3C-AE66-EE675D5A1239}.Debug|Any CPU.Build.0 = Debug|Any CPU
		{3DCDD9BC-67B7-4B3C-AE66-EE675D5A1239}.Release|Any CPU.ActiveCfg = Release|Any CPU
		{3DCDD9BC-67B7-4B3C-AE66-EE675D5A1239}.Release|Any CPU.Build.0 = Release|Any CPU
	EndGlobalSection
	GlobalSection(SolutionProperties) = preSolution
		HideSolutionNode = FALSE
	EndGlobalSection
	GlobalSection(ExtensibilityGlobals) = postSolution
		SolutionGuid = {AE15C2D1-2EEE-453E-8EDB-5F752DC761AF}
	EndGlobalSection
EndGlobal
